// !$*UTF8*$!
{
	archiveVersion = 1;
	classes = {
	};
	objectVersion = 56;
	objects = {

/* Begin PBXBuildFile section */
		FBA5F92F2CC015940070C8F9 /* RealityKitContent in Frameworks */ = {isa = PBXBuildFile; productRef = FBA5F92E2CC015940070C8F9 /* RealityKitContent */; };
		FBA5F9312CC015940070C8F9 /* pruebaVisionApp.swift in Sources */ = {isa = PBXBuildFile; fileRef = FBA5F9302CC015940070C8F9 /* pruebaVisionApp.swift */; };
		FBA5F9332CC015940070C8F9 /* ContentView.swift in Sources */ = {isa = PBXBuildFile; fileRef = FBA5F9322CC015940070C8F9 /* ContentView.swift */; };
		FBA5F9352CC015940070C8F9 /* Assets.xcassets in Resources */ = {isa = PBXBuildFile; fileRef = FBA5F9342CC015940070C8F9 /* Assets.xcassets */; };
		FBA5F9382CC015940070C8F9 /* Preview Assets.xcassets in Resources */ = {isa = PBXBuildFile; fileRef = FBA5F9372CC015940070C8F9 /* Preview Assets.xcassets */; };
		FBA5F9432CC015950070C8F9 /* pruebaVisionTests.swift in Sources */ = {isa = PBXBuildFile; fileRef = FBA5F9422CC015950070C8F9 /* pruebaVisionTests.swift */; };
/* End PBXBuildFile section */

/* Begin PBXContainerItemProxy section */
		FBA5F93F2CC015950070C8F9 /* PBXContainerItemProxy */ = {
			isa = PBXContainerItemProxy;
			containerPortal = FBA5F9212CC015940070C8F9 /* Project object */;
			proxyType = 1;
			remoteGlobalIDString = FBA5F9282CC015940070C8F9;
			remoteInfo = pruebaVision;
		};
/* End PBXContainerItemProxy section */

/* Begin PBXFileReference section */
		FBA5F9292CC015940070C8F9 /* pruebaVision.app */ = {isa = PBXFileReference; explicitFileType = wrapper.application; includeInIndex = 0; path = pruebaVision.app; sourceTree = BUILT_PRODUCTS_DIR; };
		FBA5F92D2CC015940070C8F9 /* RealityKitContent */ = {isa = PBXFileReference; lastKnownFileType = wrapper; path = RealityKitContent; sourceTree = "<group>"; };
		FBA5F9302CC015940070C8F9 /* pruebaVisionApp.swift */ = {isa = PBXFileReference; lastKnownFileType = sourcecode.swift; path = pruebaVisionApp.swift; sourceTree = "<group>"; };
		FBA5F9322CC015940070C8F9 /* ContentView.swift */ = {isa = PBXFileReference; lastKnownFileType = sourcecode.swift; path = ContentView.swift; sourceTree = "<group>"; };
		FBA5F9342CC015940070C8F9 /* Assets.xcassets */ = {isa = PBXFileReference; lastKnownFileType = folder.assetcatalog; path = Assets.xcassets; sourceTree = "<group>"; };
		FBA5F9372CC015940070C8F9 /* Preview Assets.xcassets */ = {isa = PBXFileReference; lastKnownFileType = folder.assetcatalog; path = "Preview Assets.xcassets"; sourceTree = "<group>"; };
		FBA5F9392CC015940070C8F9 /* Info.plist */ = {isa = PBXFileReference; lastKnownFileType = text.plist.xml; path = Info.plist; sourceTree = "<group>"; };
		FBA5F93E2CC015950070C8F9 /* pruebaVisionTests.xctest */ = {isa = PBXFileReference; explicitFileType = wrapper.cfbundle; includeInIndex = 0; path = pruebaVisionTests.xctest; sourceTree = BUILT_PRODUCTS_DIR; };
		FBA5F9422CC015950070C8F9 /* pruebaVisionTests.swift */ = {isa = PBXFileReference; lastKnownFileType = sourcecode.swift; path = pruebaVisionTests.swift; sourceTree = "<group>"; };
/* End PBXFileReference section */

/* Begin PBXFrameworksBuildPhase section */
		FBA5F9262CC015940070C8F9 /* Frameworks */ = {
			isa = PBXFrameworksBuildPhase;
			buildActionMask = 2147483647;
			files = (
				FBA5F92F2CC015940070C8F9 /* RealityKitContent in Frameworks */,
			);
			runOnlyForDeploymentPostprocessing = 0;
		};
		FBA5F93B2CC015950070C8F9 /* Frameworks */ = {
			isa = PBXFrameworksBuildPhase;
			buildActionMask = 2147483647;
			files = (
			);
			runOnlyForDeploymentPostprocessing = 0;
		};
/* End PBXFrameworksBuildPhase section */

/* Begin PBXGroup section */
		FBA5F9202CC015940070C8F9 = {
			isa = PBXGroup;
			children = (
				FBA5F92B2CC015940070C8F9 /* pruebaVision */,
				FBA5F92C2CC015940070C8F9 /* Packages */,
				FBA5F9412CC015950070C8F9 /* pruebaVisionTests */,
				FBA5F92A2CC015940070C8F9 /* Products */,
			);
			sourceTree = "<group>";
		};
		FBA5F92A2CC015940070C8F9 /* Products */ = {
			isa = PBXGroup;
			children = (
				FBA5F9292CC015940070C8F9 /* pruebaVision.app */,
				FBA5F93E2CC015950070C8F9 /* pruebaVisionTests.xctest */,
			);
			name = Products;
			sourceTree = "<group>";
		};
		FBA5F92B2CC015940070C8F9 /* pruebaVision */ = {
			isa = PBXGroup;
			children = (
				FBA5F9302CC015940070C8F9 /* pruebaVisionApp.swift */,
				FBA5F9322CC015940070C8F9 /* ContentView.swift */,
				FBA5F9342CC015940070C8F9 /* Assets.xcassets */,
				FBA5F9392CC015940070C8F9 /* Info.plist */,
				FBA5F9362CC015940070C8F9 /* Preview Content */,
			);
			path = pruebaVision;
			sourceTree = "<group>";
		};
		FBA5F92C2CC015940070C8F9 /* Packages */ = {
			isa = PBXGroup;
			children = (
				FBA5F92D2CC015940070C8F9 /* RealityKitContent */,
			);
			path = Packages;
			sourceTree = "<group>";
		};
		FBA5F9362CC015940070C8F9 /* Preview Content */ = {
			isa = PBXGroup;
			children = (
				FBA5F9372CC015940070C8F9 /* Preview Assets.xcassets */,
			);
			path = "Preview Content";
			sourceTree = "<group>";
		};
		FBA5F9412CC015950070C8F9 /* pruebaVisionTests */ = {
			isa = PBXGroup;
			children = (
				FBA5F9422CC015950070C8F9 /* pruebaVisionTests.swift */,
			);
			path = pruebaVisionTests;
			sourceTree = "<group>";
		};
/* End PBXGroup section */

/* Begin PBXNativeTarget section */
		FBA5F9282CC015940070C8F9 /* pruebaVision */ = {
			isa = PBXNativeTarget;
			buildConfigurationList = FBA5F9462CC015950070C8F9 /* Build configuration list for PBXNativeTarget "pruebaVision" */;
			buildPhases = (
				FBA5F9252CC015940070C8F9 /* Sources */,
				FBA5F9262CC015940070C8F9 /* Frameworks */,
				FBA5F9272CC015940070C8F9 /* Resources */,
			);
			buildRules = (
			);
			dependencies = (
			);
			name = pruebaVision;
			packageProductDependencies = (
				FBA5F92E2CC015940070C8F9 /* RealityKitContent */,
			);
			productName = pruebaVision;
			productReference = FBA5F9292CC015940070C8F9 /* pruebaVision.app */;
			productType = "com.apple.product-type.application";
		};
		FBA5F93D2CC015950070C8F9 /* pruebaVisionTests */ = {
			isa = PBXNativeTarget;
			buildConfigurationList = FBA5F9492CC015950070C8F9 /* Build configuration list for PBXNativeTarget "pruebaVisionTests" */;
			buildPhases = (
				FBA5F93A2CC015950070C8F9 /* Sources */,
				FBA5F93B2CC015950070C8F9 /* Frameworks */,
				FBA5F93C2CC015950070C8F9 /* Resources */,
			);
			buildRules = (
			);
			dependencies = (
				FBA5F9402CC015950070C8F9 /* PBXTargetDependency */,
			);
			name = pruebaVisionTests;
			productName = pruebaVisionTests;
			productReference = FBA5F93E2CC015950070C8F9 /* pruebaVisionTests.xctest */;
			productType = "com.apple.product-type.bundle.unit-test";
		};
/* End PBXNativeTarget section */

/* Begin PBXProject section */
		FBA5F9212CC015940070C8F9 /* Project object */ = {
			isa = PBXProject;
			attributes = {
				BuildIndependentTargetsInParallel = 1;
				LastSwiftUpdateCheck = 1540;
				LastUpgradeCheck = 1540;
				TargetAttributes = {
					FBA5F9282CC015940070C8F9 = {
						CreatedOnToolsVersion = 15.4;
					};
					FBA5F93D2CC015950070C8F9 = {
						CreatedOnToolsVersion = 15.4;
						TestTargetID = FBA5F9282CC015940070C8F9;
					};
				};
			};
			buildConfigurationList = FBA5F9242CC015940070C8F9 /* Build configuration list for PBXProject "pruebaVision" */;
			compatibilityVersion = "Xcode 14.0";
			developmentRegion = en;
			hasScannedForEncodings = 0;
			knownRegions = (
				en,
				Base,
			);
			mainGroup = FBA5F9202CC015940070C8F9;
			productRefGroup = FBA5F92A2CC015940070C8F9 /* Products */;
			projectDirPath = "";
			projectRoot = "";
			targets = (
				FBA5F9282CC015940070C8F9 /* pruebaVision */,
				FBA5F93D2CC015950070C8F9 /* pruebaVisionTests */,
			);
		};
/* End PBXProject section */

/* Begin PBXResourcesBuildPhase section */
		FBA5F9272CC015940070C8F9 /* Resources */ = {
			isa = PBXResourcesBuildPhase;
			buildActionMask = 2147483647;
			files = (
				FBA5F9382CC015940070C8F9 /* Preview Assets.xcassets in Resources */,
				FBA5F9352CC015940070C8F9 /* Assets.xcassets in Resources */,
			);
			runOnlyForDeploymentPostprocessing = 0;
		};
		FBA5F93C2CC015950070C8F9 /* Resources */ = {
			isa = PBXResourcesBuildPhase;
			buildActionMask = 2147483647;
			files = (
			);
			runOnlyForDeploymentPostprocessing = 0;
		};
/* End PBXResourcesBuildPhase section */

/* Begin PBXSourcesBuildPhase section */
		FBA5F9252CC015940070C8F9 /* Sources */ = {
			isa = PBXSourcesBuildPhase;
			buildActionMask = 2147483647;
			files = (
				FBA5F9332CC015940070C8F9 /* ContentView.swift in Sources */,
				FBA5F9312CC015940070C8F9 /* pruebaVisionApp.swift in Sources */,
			);
			runOnlyForDeploymentPostprocessing = 0;
		};
		FBA5F93A2CC015950070C8F9 /* Sources */ = {
			isa = PBXSourcesBuildPhase;
			buildActionMask = 2147483647;
			files = (
				FBA5F9432CC015950070C8F9 /* pruebaVisionTests.swift in Sources */,
			);
			runOnlyForDeploymentPostprocessing = 0;
		};
/* End PBXSourcesBuildPhase section */

/* Begin PBXTargetDependency section */
		FBA5F9402CC015950070C8F9 /* PBXTargetDependency */ = {
			isa = PBXTargetDependency;
			target = FBA5F9282CC015940070C8F9 /* pruebaVision */;
			targetProxy = FBA5F93F2CC015950070C8F9 /* PBXContainerItemProxy */;
		};
/* End PBXTargetDependency section */

/* Begin XCBuildConfiguration section */
		FBA5F9442CC015950070C8F9 /* Debug */ = {
			isa = XCBuildConfiguration;
			buildSettings = {
				ALWAYS_SEARCH_USER_PATHS = NO;
				ASSETCATALOG_COMPILER_GENERATE_SWIFT_ASSET_SYMBOL_EXTENSIONS = YES;
				CLANG_ANALYZER_NONNULL = YES;
				CLANG_ANALYZER_NUMBER_OBJECT_CONVERSION = YES_AGGRESSIVE;
				CLANG_CXX_LANGUAGE_STANDARD = "gnu++20";
				CLANG_ENABLE_MODULES = YES;
				CLANG_ENABLE_OBJC_ARC = YES;
				CLANG_ENABLE_OBJC_WEAK = YES;
				CLANG_WARN_BLOCK_CAPTURE_AUTORELEASING = YES;
				CLANG_WARN_BOOL_CONVERSION = YES;
				CLANG_WARN_COMMA = YES;
				CLANG_WARN_CONSTANT_CONVERSION = YES;
				CLANG_WARN_DEPRECATED_OBJC_IMPLEMENTATIONS = YES;
				CLANG_WARN_DIRECT_OBJC_ISA_USAGE = YES_ERROR;
				CLANG_WARN_DOCUMENTATION_COMMENTS = YES;
				CLANG_WARN_EMPTY_BODY = YES;
				CLANG_WARN_ENUM_CONVERSION = YES;
				CLANG_WARN_INFINITE_RECURSION = YES;
				CLANG_WARN_INT_CONVERSION = YES;
				CLANG_WARN_NON_LITERAL_NULL_CONVERSION = YES;
				CLANG_WARN_OBJC_IMPLICIT_RETAIN_SELF = YES;
				CLANG_WARN_OBJC_LITERAL_CONVERSION = YES;
				CLANG_WARN_OBJC_ROOT_CLASS = YES_ERROR;
				CLANG_WARN_QUOTED_INCLUDE_IN_FRAMEWORK_HEADER = YES;
				CLANG_WARN_RANGE_LOOP_ANALYSIS = YES;
				CLANG_WARN_STRICT_PROTOTYPES = YES;
				CLANG_WARN_SUSPICIOUS_MOVE = YES;
				CLANG_WARN_UNGUARDED_AVAILABILITY = YES_AGGRESSIVE;
				CLANG_WARN_UNREACHABLE_CODE = YES;
				CLANG_WARN__DUPLICATE_METHOD_MATCH = YES;
				COPY_PHASE_STRIP = NO;
				DEBUG_INFORMATION_FORMAT = dwarf;
				ENABLE_STRICT_OBJC_MSGSEND = YES;
				ENABLE_TESTABILITY = YES;
				ENABLE_USER_SCRIPT_SANDBOXING = YES;
				GCC_C_LANGUAGE_STANDARD = gnu17;
				GCC_DYNAMIC_NO_PIC = NO;
				GCC_NO_COMMON_BLOCKS = YES;
				GCC_OPTIMIZATION_LEVEL = 0;
				GCC_PREPROCESSOR_DEFINITIONS = (
					"DEBUG=1",
					"$(inherited)",
				);
				GCC_WARN_64_TO_32_BIT_CONVERSION = YES;
				GCC_WARN_ABOUT_RETURN_TYPE = YES_ERROR;
				GCC_WARN_UNDECLARED_SELECTOR = YES;
				GCC_WARN_UNINITIALIZED_AUTOS = YES_AGGRESSIVE;
				GCC_WARN_UNUSED_FUNCTION = YES;
				GCC_WARN_UNUSED_VARIABLE = YES;
				LOCALIZATION_PREFERS_STRING_CATALOGS = YES;
				MTL_ENABLE_DEBUG_INFO = INCLUDE_SOURCE;
				MTL_FAST_MATH = YES;
				ONLY_ACTIVE_ARCH = YES;
				SDKROOT = xros;
				SWIFT_ACTIVE_COMPILATION_CONDITIONS = "DEBUG $(inherited)";
				SWIFT_OPTIMIZATION_LEVEL = "-Onone";
				XROS_DEPLOYMENT_TARGET = 1.2;
			};
			name = Debug;
		};
		FBA5F9452CC015950070C8F9 /* Release */ = {
			isa = XCBuildConfiguration;
			buildSettings = {
				ALWAYS_SEARCH_USER_PATHS = NO;
				ASSETCATALOG_COMPILER_GENERATE_SWIFT_ASSET_SYMBOL_EXTENSIONS = YES;
				CLANG_ANALYZER_NONNULL = YES;
				CLANG_ANALYZER_NUMBER_OBJECT_CONVERSION = YES_AGGRESSIVE;
				CLANG_CXX_LANGUAGE_STANDARD = "gnu++20";
				CLANG_ENABLE_MODULES = YES;
				CLANG_ENABLE_OBJC_ARC = YES;
				CLANG_ENABLE_OBJC_WEAK = YES;
				CLANG_WARN_BLOCK_CAPTURE_AUTORELEASING = YES;
				CLANG_WARN_BOOL_CONVERSION = YES;
				CLANG_WARN_COMMA = YES;
				CLANG_WARN_CONSTANT_CONVERSION = YES;
				CLANG_WARN_DEPRECATED_OBJC_IMPLEMENTATIONS = YES;
				CLANG_WARN_DIRECT_OBJC_ISA_USAGE = YES_ERROR;
				CLANG_WARN_DOCUMENTATION_COMMENTS = YES;
				CLANG_WARN_EMPTY_BODY = YES;
				CLANG_WARN_ENUM_CONVERSION = YES;
				CLANG_WARN_INFINITE_RECURSION = YES;
				CLANG_WARN_INT_CONVERSION = YES;
				CLANG_WARN_NON_LITERAL_NULL_CONVERSION = YES;
				CLANG_WARN_OBJC_IMPLICIT_RETAIN_SELF = YES;
				CLANG_WARN_OBJC_LITERAL_CONVERSION = YES;
				CLANG_WARN_OBJC_ROOT_CLASS = YES_ERROR;
				CLANG_WARN_QUOTED_INCLUDE_IN_FRAMEWORK_HEADER = YES;
				CLANG_WARN_RANGE_LOOP_ANALYSIS = YES;
				CLANG_WARN_STRICT_PROTOTYPES = YES;
				CLANG_WARN_SUSPICIOUS_MOVE = YES;
				CLANG_WARN_UNGUARDED_AVAILABILITY = YES_AGGRESSIVE;
				CLANG_WARN_UNREACHABLE_CODE = YES;
				CLANG_WARN__DUPLICATE_METHOD_MATCH = YES;
				COPY_PHASE_STRIP = NO;
				DEBUG_INFORMATION_FORMAT = "dwarf-with-dsym";
				ENABLE_NS_ASSERTIONS = NO;
				ENABLE_STRICT_OBJC_MSGSEND = YES;
				ENABLE_USER_SCRIPT_SANDBOXING = YES;
				GCC_C_LANGUAGE_STANDARD = gnu17;
				GCC_NO_COMMON_BLOCKS = YES;
				GCC_WARN_64_TO_32_BIT_CONVERSION = YES;
				GCC_WARN_ABOUT_RETURN_TYPE = YES_ERROR;
				GCC_WARN_UNDECLARED_SELECTOR = YES;
				GCC_WARN_UNINITIALIZED_AUTOS = YES_AGGRESSIVE;
				GCC_WARN_UNUSED_FUNCTION = YES;
				GCC_WARN_UNUSED_VARIABLE = YES;
				LOCALIZATION_PREFERS_STRING_CATALOGS = YES;
				MTL_ENABLE_DEBUG_INFO = NO;
				MTL_FAST_MATH = YES;
				SDKROOT = xros;
				SWIFT_COMPILATION_MODE = wholemodule;
				VALIDATE_PRODUCT = YES;
				XROS_DEPLOYMENT_TARGET = 1.2;
			};
			name = Release;
		};
		FBA5F9472CC015950070C8F9 /* Debug */ = {
			isa = XCBuildConfiguration;
			buildSettings = {
				ASSETCATALOG_COMPILER_APPICON_NAME = AppIcon;
				ASSETCATALOG_COMPILER_GLOBAL_ACCENT_COLOR_NAME = AccentColor;
				CODE_SIGN_STYLE = Automatic;
				CURRENT_PROJECT_VERSION = 1;
				DEVELOPMENT_ASSET_PATHS = "\"pruebaVision/Preview Content\"";
				ENABLE_PREVIEWS = YES;
				GENERATE_INFOPLIST_FILE = YES;
				INFOPLIST_FILE = "$(TARGET_NAME)/Info.plist";
				LD_RUNPATH_SEARCH_PATHS = (
					"$(inherited)",
					"@executable_path/Frameworks",
				);
				MARKETING_VERSION = 1.0;
				PRODUCT_BUNDLE_IDENTIFIER = alumnos.uacj.pruebaVision;
				PRODUCT_NAME = "$(TARGET_NAME)";
				SUPPORTED_PLATFORMS = "xros xrsimulator";
				SWIFT_EMIT_LOC_STRINGS = YES;
				SWIFT_VERSION = 5.0;
				TARGETED_DEVICE_FAMILY = "1,2,7";
			};
			name = Debug;
		};
		FBA5F9482CC015950070C8F9 /* Release */ = {
			isa = XCBuildConfiguration;
			buildSettings = {
				ASSETCATALOG_COMPILER_APPICON_NAME = AppIcon;
				ASSETCATALOG_COMPILER_GLOBAL_ACCENT_COLOR_NAME = AccentColor;
				CODE_SIGN_STYLE = Automatic;
				CURRENT_PROJECT_VERSION = 1;
				DEVELOPMENT_ASSET_PATHS = "\"pruebaVision/Preview Content\"";
				ENABLE_PREVIEWS = YES;
				GENERATE_INFOPLIST_FILE = YES;
				INFOPLIST_FILE = "$(TARGET_NAME)/Info.plist";
				LD_RUNPATH_SEARCH_PATHS = (
					"$(inherited)",
					"@executable_path/Frameworks",
				);
				MARKETING_VERSION = 1.0;
				PRODUCT_BUNDLE_IDENTIFIER = alumnos.uacj.pruebaVision;
				PRODUCT_NAME = "$(TARGET_NAME)";
				SUPPORTED_PLATFORMS = "xros xrsimulator";
				SWIFT_EMIT_LOC_STRINGS = YES;
				SWIFT_VERSION = 5.0;
				TARGETED_DEVICE_FAMILY = "1,2,7";
			};
			name = Release;
		};
		FBA5F94A2CC015950070C8F9 /* Debug */ = {
			isa = XCBuildConfiguration;
			buildSettings = {
				ALWAYS_EMBED_SWIFT_STANDARD_LIBRARIES = YES;
				BUNDLE_LOADER = "$(TEST_HOST)";
				CODE_SIGN_STYLE = Automatic;
				CURRENT_PROJECT_VERSION = 1;
				GENERATE_INFOPLIST_FILE = YES;
				MARKETING_VERSION = 1.0;
				PRODUCT_BUNDLE_IDENTIFIER = alumnos.uacj.pruebaVisionTests;
				PRODUCT_NAME = "$(TARGET_NAME)";
				SUPPORTED_PLATFORMS = "xros xrsimulator";
				SWIFT_EMIT_LOC_STRINGS = NO;
				SWIFT_VERSION = 5.0;
				TARGETED_DEVICE_FAMILY = "1,2,7";
				TEST_HOST = "$(BUILT_PRODUCTS_DIR)/pruebaVision.app/$(BUNDLE_EXECUTABLE_FOLDER_PATH)/pruebaVision";
				XROS_DEPLOYMENT_TARGET = 1.2;
			};
			name = Debug;
		};
		FBA5F94B2CC015950070C8F9 /* Release */ = {
			isa = XCBuildConfiguration;
			buildSettings = {
				ALWAYS_EMBED_SWIFT_STANDARD_LIBRARIES = YES;
				BUNDLE_LOADER = "$(TEST_HOST)";
				CODE_SIGN_STYLE = Automatic;
				CURRENT_PROJECT_VERSION = 1;
				GENERATE_INFOPLIST_FILE = YES;
				MARKETING_VERSION = 1.0;
				PRODUCT_BUNDLE_IDENTIFIER = alumnos.uacj.pruebaVisionTests;
				PRODUCT_NAME = "$(TARGET_NAME)";
				SUPPORTED_PLATFORMS = "xros xrsimulator";
				SWIFT_EMIT_LOC_STRINGS = NO;
				SWIFT_VERSION = 5.0;
				TARGETED_DEVICE_FAMILY = "1,2,7";
				TEST_HOST = "$(BUILT_PRODUCTS_DIR)/pruebaVision.app/$(BUNDLE_EXECUTABLE_FOLDER_PATH)/pruebaVision";
				XROS_DEPLOYMENT_TARGET = 1.2;
			};
			name = Release;
		};
/* End XCBuildConfiguration section */

/* Begin XCConfigurationList section */
		FBA5F9242CC015940070C8F9 /* Build configuration list for PBXProject "pruebaVision" */ = {
			isa = XCConfigurationList;
			buildConfigurations = (
				FBA5F9442CC015950070C8F9 /* Debug */,
				FBA5F9452CC015950070C8F9 /* Release */,
			);
			defaultConfigurationIsVisible = 0;
			defaultConfigurationName = Release;
		};
		FBA5F9462CC015950070C8F9 /* Build configuration list for PBXNativeTarget "pruebaVision" */ = {
			isa = XCConfigurationList;
			buildConfigurations = (
				FBA5F9472CC015950070C8F9 /* Debug */,
				FBA5F9482CC015950070C8F9 /* Release */,
			);
			defaultConfigurationIsVisible = 0;
			defaultConfigurationName = Release;
		};
		FBA5F9492CC015950070C8F9 /* Build configuration list for PBXNativeTarget "pruebaVisionTests" */ = {
			isa = XCConfigurationList;
			buildConfigurations = (
				FBA5F94A2CC015950070C8F9 /* Debug */,
				FBA5F94B2CC015950070C8F9 /* Release */,
			);
			defaultConfigurationIsVisible = 0;
			defaultConfigurationName = Release;
		};
/* End XCConfigurationList section */

/* Begin XCSwiftPackageProductDependency section */
		FBA5F92E2CC015940070C8F9 /* RealityKitContent */ = {
			isa = XCSwiftPackageProductDependency;
			productName = RealityKitContent;
		};
/* End XCSwiftPackageProductDependency section */
	};
	rootObject = FBA5F9212CC015940070C8F9 /* Project object */;
}
